
Microsoft Visual Studio Solution File, Format Version 12.00
# Visual Studio 15
VisualStudioVersion = 15.0.26730.12
MinimumVisualStudioVersion = 10.0.40219.1
Project("{9A19103F-16F7-4668-BE54-9A1E7A4F7556}") = "Cmc", "Cmc\Cmc.csproj", "{17E0DE41-2426-4616-8424-BA6C0F97F7C0}"
EndProject
Project("{9A19103F-16F7-4668-BE54-9A1E7A4F7556}") = "LLVM", "LLVM\LLVM.csproj", "{F0F0AC0C-7DDB-4555-AD24-4724B14DBAB5}"
EndProject
Project("{9A19103F-16F7-4668-BE54-9A1E7A4F7556}") = "CmcExec", "CmcExec\CmcExec.csproj", "{7172A461-5A1E-4297-B3F8-F4FC4192113D}"
EndProject
Project("{9A19103F-16F7-4668-BE54-9A1E7A4F7556}") = "CmcTest", "CmcTest\CmcTest.csproj", "{707EF8CB-4B0D-46E6-B5D1-B3AF98EB7007}"
EndProject
Project("{9A19103F-16F7-4668-BE54-9A1E7A4F7556}") = "Parser", "Parser\Parser.csproj", "{5F1B0D93-D606-4F92-85C0-A8EA01853439}"
EndProject
Project("{9A19103F-16F7-4668-BE54-9A1E7A4F7556}") = "LLVMTest", "LLVMTest\LLVMTest.csproj", "{09FCC9CC-8540-48BD-A76D-798C135BA275}"
EndProject
Global
	GlobalSection(SolutionConfigurationPlatforms) = preSolution
		Debug|Any CPU = Debug|Any CPU
		Release|Any CPU = Release|Any CPU
	EndGlobalSection
	GlobalSection(ProjectConfigurationPlatforms) = postSolution
		{17E0DE41-2426-4616-8424-BA6C0F97F7C0}.Debug|Any CPU.ActiveCfg = Debug|Any CPU
		{17E0DE41-2426-4616-8424-BA6C0F97F7C0}.Debug|Any CPU.Build.0 = Debug|Any CPU
		{17E0DE41-2426-4616-8424-BA6C0F97F7C0}.Release|Any CPU.ActiveCfg = Release|Any CPU
		{17E0DE41-2426-4616-8424-BA6C0F97F7C0}.Release|Any CPU.Build.0 = Release|Any CPU
		{F0F0AC0C-7DDB-4555-AD24-4724B14DBAB5}.Debug|Any CPU.ActiveCfg = Debug|Any CPU
		{F0F0AC0C-7DDB-4555-AD24-4724B14DBAB5}.Debug|Any CPU.Build.0 = Debug|Any CPU
		{F0F0AC0C-7DDB-4555-AD24-4724B14DBAB5}.Release|Any CPU.ActiveCfg = Release|Any CPU
		{F0F0AC0C-7DDB-4555-AD24-4724B14DBAB5}.Release|Any CPU.Build.0 = Release|Any CPU
		{7172A461-5A1E-4297-B3F8-F4FC4192113D}.Debug|Any CPU.ActiveCfg = Debug|Any CPU
		{7172A461-5A1E-4297-B3F8-F4FC4192113D}.Debug|Any CPU.Build.0 = Debug|Any CPU
		{7172A461-5A1E-4297-B3F8-F4FC4192113D}.Release|Any CPU.ActiveCfg = Release|Any CPU
		{7172A461-5A1E-4297-B3F8-F4FC4192113D}.Release|Any CPU.Build.0 = Release|Any CPU
		{707EF8CB-4B0D-46E6-B5D1-B3AF98EB7007}.Debug|Any CPU.ActiveCfg = Debug|Any CPU
		{707EF8CB-4B0D-46E6-B5D1-B3AF98EB7007}.Debug|Any CPU.Build.0 = Debug|Any CPU
		{707EF8CB-4B0D-46E6-B5D1-B3AF98EB7007}.Release|Any CPU.ActiveCfg = Release|Any CPU
		{707EF8CB-4B0D-46E6-B5D1-B3AF98EB7007}.Release|Any CPU.Build.0 = Release|Any CPU
		{5F1B0D93-D606-4F92-85C0-A8EA01853439}.Debug|Any CPU.ActiveCfg = Debug|Any CPU
		{5F1B0D93-D606-4F92-85C0-A8EA01853439}.Debug|Any CPU.Build.0 = Debug|Any CPU
		{5F1B0D93-D606-4F92-85C0-A8EA01853439}.Release|Any CPU.ActiveCfg = Release|Any CPU
		{5F1B0D93-D606-4F92-85C0-A8EA01853439}.Release|Any CPU.Build.0 = Release|Any CPU
		{09FCC9CC-8540-48BD-A76D-798C135BA275}.Debug|Any CPU.ActiveCfg = Debug|Any CPU
		{09FCC9CC-8540-48BD-A76D-798C135BA275}.Debug|Any CPU.Build.0 = Debug|Any CPU
		{09FCC9CC-8540-48BD-A76D-798C135BA275}.Release|Any CPU.ActiveCfg = Release|Any CPU
		{09FCC9CC-8540-48BD-A76D-798C135BA275}.Release|Any CPU.Build.0 = Release|Any CPU
	EndGlobalSection
	GlobalSection(SolutionProperties) = preSolution
		HideSolutionNode = FALSE
	EndGlobalSection
	GlobalSection(ExtensibilityGlobals) = postSolution
		SolutionGuid = {AD49DC85-384E-4670-924C-64214DC200F2}
	EndGlobalSection
EndGlobal
